
Microsoft Visual Studio Solution File, Format Version 12.00
# Visual Studio Version 17
VisualStudioVersion = 17.4.33122.133
MinimumVisualStudioVersion = 10.0.40219.1
Project("{FAE04EC0-301F-11D3-BF4B-00C04F79EFBC}") = "HidDeviceDotNet", "HidDeviceDotNet\HidDeviceDotNet.csproj", "{DE72E932-5EBC-4377-81B4-B0D228D1A6E6}"
EndProject
Global
	GlobalSection(SolutionConfigurationPlatforms) = preSolution
		Debug|Any CPU = Debug|Any CPU
		Release|Any CPU = Release|Any CPU
	EndGlobalSection
	GlobalSection(ProjectConfigurationPlatforms) = postSolution
		{DE72E932-5EBC-4377-81B4-B0D228D1A6E6}.Debug|Any CPU.ActiveCfg = Debug|Any CPU
		{DE72E932-5EBC-4377-81B4-B0D228D1A6E6}.Debug|Any CPU.Build.0 = Debug|Any CPU
		{DE72E932-5EBC-4377-81B4-B0D228D1A6E6}.Release|Any CPU.ActiveCfg = Release|Any CPU
		{DE72E932-5EBC-4377-81B4-B0D228D1A6E6}.Release|Any CPU.Build.0 = Release|Any CPU
	EndGlobalSection
	GlobalSection(SolutionProperties) = preSolution
		HideSolutionNode = FALSE
	EndGlobalSection
	GlobalSection(ExtensibilityGlobals) = postSolution
		SolutionGuid = {2F490A10-278D-4D33-AF9E-C5A3DA1C513A}
	EndGlobalSection
EndGlobal
